
Microsoft Visual Studio Solution File, Format Version 12.00
# Visual Studio Version 16
VisualStudioVersion = 16.0.31624.102
MinimumVisualStudioVersion = 10.0.40219.1
Project("{FAE04EC0-301F-11D3-BF4B-00C04F79EFBC}") = "WebApplication1", "WebApplication1\WebApplication1.csproj", "{75231A71-741B-43AA-B674-43E7438D9803}"
EndProject
Global
	GlobalSection(SolutionConfigurationPlatforms) = preSolution
		Debug|Any CPU = Debug|Any CPU
		Release|Any CPU = Release|Any CPU
	EndGlobalSection
	GlobalSection(ProjectConfigurationPlatforms) = postSolution
		{75231A71-741B-43AA-B674-43E7438D9803}.Debug|Any CPU.ActiveCfg = Debug|Any CPU
		{75231A71-741B-43AA-B674-43E7438D9803}.Debug|Any CPU.Build.0 = Debug|Any CPU
		{75231A71-741B-43AA-B674-43E7438D9803}.Release|Any CPU.ActiveCfg = Release|Any CPU
		{75231A71-741B-43AA-B674-43E7438D9803}.Release|Any CPU.Build.0 = Release|Any CPU
	EndGlobalSection
	GlobalSection(SolutionProperties) = preSolution
		HideSolutionNode = FALSE
	EndGlobalSection
	GlobalSection(ExtensibilityGlobals) = postSolution
		SolutionGuid = {9801E519-8AED-4635-ADB9-27DC7E9416FE}
	EndGlobalSection
EndGlobal
